
Microsoft Visual Studio Solution File, Format Version 12.00
# Visual Studio Version 17
VisualStudioVersion = 17.8.34322.80
MinimumVisualStudioVersion = 10.0.40219.1
Project("{FAE04EC0-301F-11D3-BF4B-00C04F79EFBC}") = "Metin_İslemleri", "Metin_İslemleri\Metin_İslemleri.csproj", "{6B573534-54B4-4B29-AD9B-0382A4FDF506}"
EndProject
Global
	GlobalSection(SolutionConfigurationPlatforms) = preSolution
		Debug|Any CPU = Debug|Any CPU
		Release|Any CPU = Release|Any CPU
	EndGlobalSection
	GlobalSection(ProjectConfigurationPlatforms) = postSolution
		{6B573534-54B4-4B29-AD9B-0382A4FDF506}.Debug|Any CPU.ActiveCfg = Debug|Any CPU
		{6B573534-54B4-4B29-AD9B-0382A4FDF506}.Debug|Any CPU.Build.0 = Debug|Any CPU
		{6B573534-54B4-4B29-AD9B-0382A4FDF506}.Release|Any CPU.ActiveCfg = Release|Any CPU
		{6B573534-54B4-4B29-AD9B-0382A4FDF506}.Release|Any CPU.Build.0 = Release|Any CPU
	EndGlobalSection
	GlobalSection(SolutionProperties) = preSolution
		HideSolutionNode = FALSE
	EndGlobalSection
	GlobalSection(ExtensibilityGlobals) = postSolution
		SolutionGuid = {3BF846BC-03FD-49A8-AA47-3A891B81D3B7}
	EndGlobalSection
EndGlobal
